{
  "name": "asproject",
  "version": "1.0.0",
  "lockfileVersion": 3,
  "requires": true,
  "packages": {
    "": {
      "name": "asproject",
      "version": "1.0.0",
      "license": "ISC",
      "dependencies": {
        "@loupeteam/librarybuilderproject": "^0.1.0"
      }
    },
    "node_modules/@loupeteam/librarybuilderproject": {
      "version": "0.1.0",
      "resolved": "https://npm.pkg.github.com/download/@loupeteam/librarybuilderproject/0.1.0/db17441ae0684ebc17b7c55f3c116fd4309c42df",
      "integrity": "sha512-VsuobJCUOuStCQhH3H6/qB9YvmCdU0Zqyvj8k0EP9O2ExnjbegR2IwAN7Anxr5Abh5QOhcBanIF4Ga5z8YWUzw==",
      "license": "Loupe Software License Agreement"
    }
  }
}
